
Microsoft Visual Studio Solution File, Format Version 12.00
# Visual Studio Version 17
VisualStudioVersion = 17.0.31903.59
MinimumVisualStudioVersion = 10.0.40219.1
Project("{FAE04EC0-301F-11D3-BF4B-00C04F79EFBC}") = "GameAppBackend", "GameAppBackend\GameAppBackend.csproj", "{C3A41053-AACE-4A2D-8E46-FCA20EB8D29C}"
EndProject
Project("{FAE04EC0-301F-11D3-BF4B-00C04F79EFBC}") = "GameAppBackend.Tests", "GameAppBackend.Tests\GameAppBackend.Tests.csproj", "{3A25C4B2-DEA7-4378-9971-D18AE22AB6B1}"
EndProject
Global
	GlobalSection(SolutionConfigurationPlatforms) = preSolution
		Debug|Any CPU = Debug|Any CPU
		Release|Any CPU = Release|Any CPU
	EndGlobalSection
	GlobalSection(ProjectConfigurationPlatforms) = postSolution
		{C3A41053-AACE-4A2D-8E46-FCA20EB8D29C}.Debug|Any CPU.ActiveCfg = Debug|Any CPU
		{C3A41053-AACE-4A2D-8E46-FCA20EB8D29C}.Debug|Any CPU.Build.0 = Debug|Any CPU
		{C3A41053-AACE-4A2D-8E46-FCA20EB8D29C}.Release|Any CPU.ActiveCfg = Release|Any CPU
		{C3A41053-AACE-4A2D-8E46-FCA20EB8D29C}.Release|Any CPU.Build.0 = Release|Any CPU
		{3A25C4B2-DEA7-4378-9971-D18AE22AB6B1}.Debug|Any CPU.ActiveCfg = Debug|Any CPU
		{3A25C4B2-DEA7-4378-9971-D18AE22AB6B1}.Debug|Any CPU.Build.0 = Debug|Any CPU
		{3A25C4B2-DEA7-4378-9971-D18AE22AB6B1}.Release|Any CPU.ActiveCfg = Release|Any CPU
		{3A25C4B2-DEA7-4378-9971-D18AE22AB6B1}.Release|Any CPU.Build.0 = Release|Any CPU
	EndGlobalSection
	GlobalSection(SolutionProperties) = preSolution
		HideSolutionNode = FALSE
	EndGlobalSection
	GlobalSection(ExtensibilityGlobals) = postSolution
		SolutionGuid = {E50E5828-AB51-47DD-9911-51EB485AAADA}
	EndGlobalSection
EndGlobal
